// !$*UTF8*$!
{
	archiveVersion = 1;
	classes = {
	};
	objectVersion = 48;
	objects = {

/* Begin PBXBuildFile section */
		042678B87BEA9695228061A8 /* Pods_ScienceStudentSuccessCentre.framework in Frameworks */ = {isa = PBXBuildFile; fileRef = A519D0B6B2D10C171824AAD9 /* Pods_ScienceStudentSuccessCentre.framework */; };
		442EC65C21EE8C36002B961E /* UNUserNotificationCenter.swift in Sources */ = {isa = PBXBuildFile; fileRef = 442EC65B21EE8C36002B961E /* UNUserNotificationCenter.swift */; };
		44B2CAE22273DE20007E53AB /* EventsViewController.swift in Sources */ = {isa = PBXBuildFile; fileRef = 44B2CAE12273DE20007E53AB /* EventsViewController.swift */; };
		44B2CAE6227675FF007E53AB /* CourseSearchViewController.swift in Sources */ = {isa = PBXBuildFile; fileRef = 44B2CAE5227675FF007E53AB /* CourseSearchViewController.swift */; };
		44B2CAEA2276A2BD007E53AB /* CourseSummaryCell.xib in Resources */ = {isa = PBXBuildFile; fileRef = 44B2CAE92276A2BD007E53AB /* CourseSummaryCell.xib */; };
		44B2CAEC2276A4C2007E53AB /* CourseSummaryCell.swift in Sources */ = {isa = PBXBuildFile; fileRef = 44B2CAEB2276A4C2007E53AB /* CourseSummaryCell.swift */; };
		44B2CAEE22777E0E007E53AB /* ColourRestorableCell.swift in Sources */ = {isa = PBXBuildFile; fileRef = 44B2CAED22777E0E007E53AB /* ColourRestorableCell.swift */; };
		44BB378F21FA64C900F7250F /* UIViewController.swift in Sources */ = {isa = PBXBuildFile; fileRef = 44BB378E21FA64C900F7250F /* UIViewController.swift */; };
		A17011CB21AC8F4000A385FB /* ResourcesViewController.swift in Sources */ = {isa = PBXBuildFile; fileRef = A17011CA21AC8F4000A385FB /* ResourcesViewController.swift */; };
		FF13F7D421646AC1005733B0 /* CreateCourseViewController.swift in Sources */ = {isa = PBXBuildFile; fileRef = FF13F7D321646AC1005733B0 /* CreateCourseViewController.swift */; };
		FF13F7D621646D56005733B0 /* EurekaFormProtocol.swift in Sources */ = {isa = PBXBuildFile; fileRef = FF13F7D521646D56005733B0 /* EurekaFormProtocol.swift */; };
		FF1D7D25215D6DDD00A88467 /* Database.swift in Sources */ = {isa = PBXBuildFile; fileRef = FF1D7D24215D6DDD00A88467 /* Database.swift */; };
		FF2CC47F21ACF5F3002EE205 /* CalculateRequiredFinalViewController.swift in Sources */ = {isa = PBXBuildFile; fileRef = FF2CC47E21ACF5F3002EE205 /* CalculateRequiredFinalViewController.swift */; };
		FF30AFB82162A6E200C1F22C /* CreateTermViewController.swift in Sources */ = {isa = PBXBuildFile; fileRef = FF30AFB72162A6E200C1F22C /* CreateTermViewController.swift */; };
		FF327FC920128C3E00B06E19 /* AppDelegate.swift in Sources */ = {isa = PBXBuildFile; fileRef = FF327FC820128C3E00B06E19 /* AppDelegate.swift */; };
		FF327FD020128C3E00B06E19 /* Main.storyboard in Resources */ = {isa = PBXBuildFile; fileRef = FF327FCE20128C3E00B06E19 /* Main.storyboard */; };
		FF327FD520128C3E00B06E19 /* LaunchScreen.storyboard in Resources */ = {isa = PBXBuildFile; fileRef = FF327FD320128C3E00B06E19 /* LaunchScreen.storyboard */; };
		FF3C2288202427660098B868 /* EventDetailViewController.swift in Sources */ = {isa = PBXBuildFile; fileRef = FF3C2287202427660098B868 /* EventDetailViewController.swift */; };
		FF3D05DC215AC9AC0073D0E7 /* TabBarViewController.swift in Sources */ = {isa = PBXBuildFile; fileRef = FF3D05DB215AC9AC0073D0E7 /* TabBarViewController.swift */; };
		FF4A9D12229A19DA00DE8EED /* TestGradeData.sssc in Resources */ = {isa = PBXBuildFile; fileRef = FFF093C22291BC6C00217DE3 /* TestGradeData.sssc */; };
		FF4BCBCF21AB47790050A876 /* Weight.swift in Sources */ = {isa = PBXBuildFile; fileRef = FF4BCBCE21AB47790050A876 /* Weight.swift */; };
		FF4C4A9C215D7C550091BF2A /* GradesViewController.swift in Sources */ = {isa = PBXBuildFile; fileRef = FF4C4A9B215D7C550091BF2A /* GradesViewController.swift */; };
		FF57A96521658509004AA50B /* UIColor.swift in Sources */ = {isa = PBXBuildFile; fileRef = FF57A96421658509004AA50B /* UIColor.swift */; };
		FF592B3921C76C71002319C0 /* AppIcon.png in Resources */ = {isa = PBXBuildFile; fileRef = FF592B3821C76C71002319C0 /* AppIcon.png */; };
		FF5FDB2D21ABB13200899963 /* SplitRow.swift in Sources */ = {isa = PBXBuildFile; fileRef = FF5FDB2C21ABB13200899963 /* SplitRow.swift */; };
		FF5FDB2F21ABB16700899963 /* SplitRowCell.swift in Sources */ = {isa = PBXBuildFile; fileRef = FF5FDB2E21ABB16700899963 /* SplitRowCell.swift */; };
		FF5FDB3121ABB17F00899963 /* SplitRowCellTableView.swift in Sources */ = {isa = PBXBuildFile; fileRef = FF5FDB3021ABB17F00899963 /* SplitRowCellTableView.swift */; };
		FF5FDB3321ABB19700899963 /* SplitRowValue.swift in Sources */ = {isa = PBXBuildFile; fileRef = FF5FDB3221ABB19700899963 /* SplitRowValue.swift */; };
		FF651CEA2190F27100C37022 /* CreateAssignmentViewController.swift in Sources */ = {isa = PBXBuildFile; fileRef = FF651CE92190F27100C37022 /* CreateAssignmentViewController.swift */; };
		FF6835B62023C540001A35B2 /* EventTableViewCell.swift in Sources */ = {isa = PBXBuildFile; fileRef = FF6835B52023C540001A35B2 /* EventTableViewCell.swift */; };
		FF74BE81218CBE6100A8954B /* AssignmentTableViewCell.swift in Sources */ = {isa = PBXBuildFile; fileRef = FF74BE80218CBE6100A8954B /* AssignmentTableViewCell.swift */; };
		FF7A0905215967F600A98504 /* Formatter.swift in Sources */ = {isa = PBXBuildFile; fileRef = FF7A0904215967F600A98504 /* Formatter.swift */; };
		FF7FD89021485E8100DAC88C /* HtmlString.swift in Sources */ = {isa = PBXBuildFile; fileRef = FF7FD88F21485E8100DAC88C /* HtmlString.swift */; };
		FF80666E2193A31D00B202A6 /* Double.swift in Sources */ = {isa = PBXBuildFile; fileRef = FF80666D2193A31D00B202A6 /* Double.swift */; };
		FFA4B1D320229C8400BAC08F /* Event.swift in Sources */ = {isa = PBXBuildFile; fileRef = FFA4B1D220229C8400BAC08F /* Event.swift */; };
		FFA5849E21AF961200B15E25 /* GradesViewControllerDelegate.swift in Sources */ = {isa = PBXBuildFile; fileRef = FFA5849D21AF961200B15E25 /* GradesViewControllerDelegate.swift */; };
		FFA7CBAB215DD4CB00A050B1 /* TermsViewController.swift in Sources */ = {isa = PBXBuildFile; fileRef = FFA7CBAA215DD4CB00A050B1 /* TermsViewController.swift */; };
		FFA7CBAD215DD53300A050B1 /* CalculatorViewController.swift in Sources */ = {isa = PBXBuildFile; fileRef = FFA7CBAC215DD53300A050B1 /* CalculatorViewController.swift */; };
		FFA7CBAF215DD54C00A050B1 /* PlannerViewController.swift in Sources */ = {isa = PBXBuildFile; fileRef = FFA7CBAE215DD54C00A050B1 /* PlannerViewController.swift */; };
		FFA7CBB1215DD59B00A050B1 /* TermTableViewCell.swift in Sources */ = {isa = PBXBuildFile; fileRef = FFA7CBB0215DD59B00A050B1 /* TermTableViewCell.swift */; };
		FFAC093C215EBBD5007C4264 /* TermDetailViewController.swift in Sources */ = {isa = PBXBuildFile; fileRef = FFAC093B215EBBD5007C4264 /* TermDetailViewController.swift */; };
		FFAE67922188ED2D0079CE16 /* UIView.swift in Sources */ = {isa = PBXBuildFile; fileRef = FFAE67912188ED2D0079CE16 /* UIView.swift */; };
		FFB76C962030B5A200EC3F97 /* Assets.xcassets in Resources */ = {isa = PBXBuildFile; fileRef = FFB76C952030B5A200EC3F97 /* Assets.xcassets */; };
		FFC18A2C202502A8001AB5BA /* EventLoader.swift in Sources */ = {isa = PBXBuildFile; fileRef = FFC18A2B202502A8001AB5BA /* EventLoader.swift */; };
		FFC6CF1621657C6D00657C34 /* CourseDetailViewController.swift in Sources */ = {isa = PBXBuildFile; fileRef = FFC6CF1521657C6D00657C34 /* CourseDetailViewController.swift */; };
		FFC6CF1821657CAE00657C34 /* Assignment.swift in Sources */ = {isa = PBXBuildFile; fileRef = FFC6CF1721657CAE00657C34 /* Assignment.swift */; };
		FFD0205821B1E1E6008D960B /* SettingsViewController.swift in Sources */ = {isa = PBXBuildFile; fileRef = FFD0205721B1E1E6008D960B /* SettingsViewController.swift */; };
		FFD2DF532193860200C97FDF /* Grading.swift in Sources */ = {isa = PBXBuildFile; fileRef = FFD2DF522193860200C97FDF /* Grading.swift */; };
		FFE84078215F1CAC00A5E33B /* Term.swift in Sources */ = {isa = PBXBuildFile; fileRef = FFE84077215F1CAC00A5E33B /* Term.swift */; };
		FFF093AF2291B1E300217DE3 /* URLSession.swift in Sources */ = {isa = PBXBuildFile; fileRef = FFF093AE2291B1E300217DE3 /* URLSession.swift */; };
		FFF093B92291BA1200217DE3 /* ScienceStudentSuccessCentreFastlaneSnapshots.swift in Sources */ = {isa = PBXBuildFile; fileRef = FFF093B82291BA1200217DE3 /* ScienceStudentSuccessCentreFastlaneSnapshots.swift */; };
		FFF093C12291BC5200217DE3 /* SnapshotHelper.swift in Sources */ = {isa = PBXBuildFile; fileRef = FFF093C02291BC5200217DE3 /* SnapshotHelper.swift */; };
		FFFC6BC72162D6D6001585CE /* Course.swift in Sources */ = {isa = PBXBuildFile; fileRef = FFFC6BC62162D6D6001585CE /* Course.swift */; };
		FFFC6BC92162D70D001585CE /* CourseTableViewCell.swift in Sources */ = {isa = PBXBuildFile; fileRef = FFFC6BC82162D70D001585CE /* CourseTableViewCell.swift */; };
/* End PBXBuildFile section */

/* Begin PBXContainerItemProxy section */
		FFF093BB2291BA1200217DE3 /* PBXContainerItemProxy */ = {
			isa = PBXContainerItemProxy;
			containerPortal = FF327FBD20128C3E00B06E19 /* Project object */;
			proxyType = 1;
			remoteGlobalIDString = FF327FC420128C3E00B06E19;
			remoteInfo = ScienceStudentSuccessCentre;
		};
/* End PBXContainerItemProxy section */

/* Begin PBXFileReference section */
		442EC65B21EE8C36002B961E /* UNUserNotificationCenter.swift */ = {isa = PBXFileReference; lastKnownFileType = sourcecode.swift; path = UNUserNotificationCenter.swift; sourceTree = "<group>"; };
		44B2CAE12273DE20007E53AB /* EventsViewController.swift */ = {isa = PBXFileReference; fileEncoding = 4; lastKnownFileType = sourcecode.swift; path = EventsViewController.swift; sourceTree = "<group>"; };
		44B2CAE5227675FF007E53AB /* CourseSearchViewController.swift */ = {isa = PBXFileReference; lastKnownFileType = sourcecode.swift; path = CourseSearchViewController.swift; sourceTree = "<group>"; };
		44B2CAE92276A2BD007E53AB /* CourseSummaryCell.xib */ = {isa = PBXFileReference; lastKnownFileType = file.xib; path = CourseSummaryCell.xib; sourceTree = "<group>"; };
		44B2CAEB2276A4C2007E53AB /* CourseSummaryCell.swift */ = {isa = PBXFileReference; fileEncoding = 4; lastKnownFileType = sourcecode.swift; path = CourseSummaryCell.swift; sourceTree = "<group>"; };
		44B2CAED22777E0E007E53AB /* ColourRestorableCell.swift */ = {isa = PBXFileReference; lastKnownFileType = sourcecode.swift; path = ColourRestorableCell.swift; sourceTree = "<group>"; };
		44BB378E21FA64C900F7250F /* UIViewController.swift */ = {isa = PBXFileReference; lastKnownFileType = sourcecode.swift; path = UIViewController.swift; sourceTree = "<group>"; };
		7B021D16CACA69B8319CC12F /* Pods-ScienceStudentSuccessCentre.debug.xcconfig */ = {isa = PBXFileReference; includeInIndex = 1; lastKnownFileType = text.xcconfig; name = "Pods-ScienceStudentSuccessCentre.debug.xcconfig"; path = "Pods/Target Support Files/Pods-ScienceStudentSuccessCentre/Pods-ScienceStudentSuccessCentre.debug.xcconfig"; sourceTree = "<group>"; };
		A17011CA21AC8F4000A385FB /* ResourcesViewController.swift */ = {isa = PBXFileReference; lastKnownFileType = sourcecode.swift; path = ResourcesViewController.swift; sourceTree = "<group>"; };
		A519D0B6B2D10C171824AAD9 /* Pods_ScienceStudentSuccessCentre.framework */ = {isa = PBXFileReference; explicitFileType = wrapper.framework; includeInIndex = 0; path = Pods_ScienceStudentSuccessCentre.framework; sourceTree = BUILT_PRODUCTS_DIR; };
		ADD592BB8738FD87DADE38D5 /* Pods-ScienceStudentSuccessCentre.release.xcconfig */ = {isa = PBXFileReference; includeInIndex = 1; lastKnownFileType = text.xcconfig; name = "Pods-ScienceStudentSuccessCentre.release.xcconfig"; path = "Pods/Target Support Files/Pods-ScienceStudentSuccessCentre/Pods-ScienceStudentSuccessCentre.release.xcconfig"; sourceTree = "<group>"; };
		FF13F7D321646AC1005733B0 /* CreateCourseViewController.swift */ = {isa = PBXFileReference; lastKnownFileType = sourcecode.swift; path = CreateCourseViewController.swift; sourceTree = "<group>"; };
		FF13F7D521646D56005733B0 /* EurekaFormProtocol.swift */ = {isa = PBXFileReference; lastKnownFileType = sourcecode.swift; path = EurekaFormProtocol.swift; sourceTree = "<group>"; };
		FF1D7D24215D6DDD00A88467 /* Database.swift */ = {isa = PBXFileReference; fileEncoding = 4; lastKnownFileType = sourcecode.swift; path = Database.swift; sourceTree = "<group>"; };
		FF2CC47E21ACF5F3002EE205 /* CalculateRequiredFinalViewController.swift */ = {isa = PBXFileReference; lastKnownFileType = sourcecode.swift; path = CalculateRequiredFinalViewController.swift; sourceTree = "<group>"; };
		FF30AFB72162A6E200C1F22C /* CreateTermViewController.swift */ = {isa = PBXFileReference; lastKnownFileType = sourcecode.swift; path = CreateTermViewController.swift; sourceTree = "<group>"; };
		FF327FC520128C3E00B06E19 /* ScienceStudentSuccessCentre.app */ = {isa = PBXFileReference; explicitFileType = wrapper.application; includeInIndex = 0; path = ScienceStudentSuccessCentre.app; sourceTree = BUILT_PRODUCTS_DIR; };
		FF327FC820128C3E00B06E19 /* AppDelegate.swift */ = {isa = PBXFileReference; lastKnownFileType = sourcecode.swift; path = AppDelegate.swift; sourceTree = "<group>"; };
		FF327FCF20128C3E00B06E19 /* Base */ = {isa = PBXFileReference; lastKnownFileType = file.storyboard; name = Base; path = Base.lproj/Main.storyboard; sourceTree = "<group>"; };
		FF327FD420128C3E00B06E19 /* Base */ = {isa = PBXFileReference; lastKnownFileType = file.storyboard; name = Base; path = Base.lproj/LaunchScreen.storyboard; sourceTree = "<group>"; };
		FF327FD620128C3E00B06E19 /* Info.plist */ = {isa = PBXFileReference; lastKnownFileType = text.plist.xml; path = Info.plist; sourceTree = "<group>"; };
		FF3C2287202427660098B868 /* EventDetailViewController.swift */ = {isa = PBXFileReference; lastKnownFileType = sourcecode.swift; path = EventDetailViewController.swift; sourceTree = "<group>"; };
		FF3C228A2024317A0098B868 /* EventKit.framework */ = {isa = PBXFileReference; lastKnownFileType = wrapper.framework; name = EventKit.framework; path = System/Library/Frameworks/EventKit.framework; sourceTree = SDKROOT; };
		FF3D05DB215AC9AC0073D0E7 /* TabBarViewController.swift */ = {isa = PBXFileReference; lastKnownFileType = sourcecode.swift; path = TabBarViewController.swift; sourceTree = "<group>"; };
		FF4BCBCE21AB47790050A876 /* Weight.swift */ = {isa = PBXFileReference; lastKnownFileType = sourcecode.swift; path = Weight.swift; sourceTree = "<group>"; };
		FF4C4A9B215D7C550091BF2A /* GradesViewController.swift */ = {isa = PBXFileReference; lastKnownFileType = sourcecode.swift; path = GradesViewController.swift; sourceTree = "<group>"; };
		FF57A96421658509004AA50B /* UIColor.swift */ = {isa = PBXFileReference; lastKnownFileType = sourcecode.swift; path = UIColor.swift; sourceTree = "<group>"; };
		FF592B3821C76C71002319C0 /* AppIcon.png */ = {isa = PBXFileReference; lastKnownFileType = image.png; name = AppIcon.png; path = ScienceStudentSuccessCentre/AppIcon.png; sourceTree = "<group>"; };
		FF5FDB2C21ABB13200899963 /* SplitRow.swift */ = {isa = PBXFileReference; lastKnownFileType = sourcecode.swift; path = SplitRow.swift; sourceTree = "<group>"; };
		FF5FDB2E21ABB16700899963 /* SplitRowCell.swift */ = {isa = PBXFileReference; lastKnownFileType = sourcecode.swift; path = SplitRowCell.swift; sourceTree = "<group>"; };
		FF5FDB3021ABB17F00899963 /* SplitRowCellTableView.swift */ = {isa = PBXFileReference; lastKnownFileType = sourcecode.swift; path = SplitRowCellTableView.swift; sourceTree = "<group>"; };
		FF5FDB3221ABB19700899963 /* SplitRowValue.swift */ = {isa = PBXFileReference; lastKnownFileType = sourcecode.swift; path = SplitRowValue.swift; sourceTree = "<group>"; };
		FF651CE92190F27100C37022 /* CreateAssignmentViewController.swift */ = {isa = PBXFileReference; lastKnownFileType = sourcecode.swift; path = CreateAssignmentViewController.swift; sourceTree = "<group>"; };
		FF6835B52023C540001A35B2 /* EventTableViewCell.swift */ = {isa = PBXFileReference; lastKnownFileType = sourcecode.swift; path = EventTableViewCell.swift; sourceTree = "<group>"; };
		FF74BE80218CBE6100A8954B /* AssignmentTableViewCell.swift */ = {isa = PBXFileReference; lastKnownFileType = sourcecode.swift; path = AssignmentTableViewCell.swift; sourceTree = "<group>"; };
		FF7A0904215967F600A98504 /* Formatter.swift */ = {isa = PBXFileReference; lastKnownFileType = sourcecode.swift; path = Formatter.swift; sourceTree = "<group>"; };
		FF7FD88F21485E8100DAC88C /* HtmlString.swift */ = {isa = PBXFileReference; lastKnownFileType = sourcecode.swift; path = HtmlString.swift; sourceTree = "<group>"; };
		FF80666D2193A31D00B202A6 /* Double.swift */ = {isa = PBXFileReference; lastKnownFileType = sourcecode.swift; path = Double.swift; sourceTree = "<group>"; };
		FFA4B1D220229C8400BAC08F /* Event.swift */ = {isa = PBXFileReference; lastKnownFileType = sourcecode.swift; path = Event.swift; sourceTree = "<group>"; };
		FFA5849D21AF961200B15E25 /* GradesViewControllerDelegate.swift */ = {isa = PBXFileReference; lastKnownFileType = sourcecode.swift; path = GradesViewControllerDelegate.swift; sourceTree = "<group>"; };
		FFA7CBAA215DD4CB00A050B1 /* TermsViewController.swift */ = {isa = PBXFileReference; lastKnownFileType = sourcecode.swift; path = TermsViewController.swift; sourceTree = "<group>"; };
		FFA7CBAC215DD53300A050B1 /* CalculatorViewController.swift */ = {isa = PBXFileReference; lastKnownFileType = sourcecode.swift; path = CalculatorViewController.swift; sourceTree = "<group>"; };
		FFA7CBAE215DD54C00A050B1 /* PlannerViewController.swift */ = {isa = PBXFileReference; lastKnownFileType = sourcecode.swift; path = PlannerViewController.swift; sourceTree = "<group>"; };
		FFA7CBB0215DD59B00A050B1 /* TermTableViewCell.swift */ = {isa = PBXFileReference; lastKnownFileType = sourcecode.swift; path = TermTableViewCell.swift; sourceTree = "<group>"; };
		FFAC093B215EBBD5007C4264 /* TermDetailViewController.swift */ = {isa = PBXFileReference; lastKnownFileType = sourcecode.swift; path = TermDetailViewController.swift; sourceTree = "<group>"; };
		FFAE67912188ED2D0079CE16 /* UIView.swift */ = {isa = PBXFileReference; lastKnownFileType = sourcecode.swift; path = UIView.swift; sourceTree = "<group>"; };
		FFB76C952030B5A200EC3F97 /* Assets.xcassets */ = {isa = PBXFileReference; lastKnownFileType = folder.assetcatalog; path = Assets.xcassets; sourceTree = "<group>"; };
		FFC18A2B202502A8001AB5BA /* EventLoader.swift */ = {isa = PBXFileReference; lastKnownFileType = sourcecode.swift; path = EventLoader.swift; sourceTree = "<group>"; };
		FFC6CF1521657C6D00657C34 /* CourseDetailViewController.swift */ = {isa = PBXFileReference; lastKnownFileType = sourcecode.swift; path = CourseDetailViewController.swift; sourceTree = "<group>"; };
		FFC6CF1721657CAE00657C34 /* Assignment.swift */ = {isa = PBXFileReference; lastKnownFileType = sourcecode.swift; path = Assignment.swift; sourceTree = "<group>"; };
		FFD0205721B1E1E6008D960B /* SettingsViewController.swift */ = {isa = PBXFileReference; lastKnownFileType = sourcecode.swift; path = SettingsViewController.swift; sourceTree = "<group>"; };
		FFD2DF522193860200C97FDF /* Grading.swift */ = {isa = PBXFileReference; lastKnownFileType = sourcecode.swift; path = Grading.swift; sourceTree = "<group>"; };
		FFE84077215F1CAC00A5E33B /* Term.swift */ = {isa = PBXFileReference; lastKnownFileType = sourcecode.swift; path = Term.swift; sourceTree = "<group>"; };
		FFF093AE2291B1E300217DE3 /* URLSession.swift */ = {isa = PBXFileReference; lastKnownFileType = sourcecode.swift; path = URLSession.swift; sourceTree = "<group>"; };
		FFF093B62291BA1200217DE3 /* ScienceStudentSuccessCentreFastlaneSnapshots.xctest */ = {isa = PBXFileReference; explicitFileType = wrapper.cfbundle; includeInIndex = 0; path = ScienceStudentSuccessCentreFastlaneSnapshots.xctest; sourceTree = BUILT_PRODUCTS_DIR; };
		FFF093B82291BA1200217DE3 /* ScienceStudentSuccessCentreFastlaneSnapshots.swift */ = {isa = PBXFileReference; lastKnownFileType = sourcecode.swift; path = ScienceStudentSuccessCentreFastlaneSnapshots.swift; sourceTree = "<group>"; };
		FFF093BA2291BA1200217DE3 /* Info.plist */ = {isa = PBXFileReference; lastKnownFileType = text.plist.xml; path = Info.plist; sourceTree = "<group>"; };
		FFF093C02291BC5200217DE3 /* SnapshotHelper.swift */ = {isa = PBXFileReference; fileEncoding = 4; lastKnownFileType = sourcecode.swift; name = SnapshotHelper.swift; path = fastlane/SnapshotHelper.swift; sourceTree = SOURCE_ROOT; };
		FFF093C22291BC6C00217DE3 /* TestGradeData.sssc */ = {isa = PBXFileReference; fileEncoding = 4; lastKnownFileType = text; path = TestGradeData.sssc; sourceTree = "<group>"; };
		FFFC6BC62162D6D6001585CE /* Course.swift */ = {isa = PBXFileReference; lastKnownFileType = sourcecode.swift; path = Course.swift; sourceTree = "<group>"; };
		FFFC6BC82162D70D001585CE /* CourseTableViewCell.swift */ = {isa = PBXFileReference; lastKnownFileType = sourcecode.swift; path = CourseTableViewCell.swift; sourceTree = "<group>"; };
/* End PBXFileReference section */

/* Begin PBXFrameworksBuildPhase section */
		FF327FC220128C3E00B06E19 /* Frameworks */ = {
			isa = PBXFrameworksBuildPhase;
			buildActionMask = 2147483647;
			files = (
				042678B87BEA9695228061A8 /* Pods_ScienceStudentSuccessCentre.framework in Frameworks */,
			);
			runOnlyForDeploymentPostprocessing = 0;
		};
		FFF093B32291BA1200217DE3 /* Frameworks */ = {
			isa = PBXFrameworksBuildPhase;
			buildActionMask = 2147483647;
			files = (
			);
			runOnlyForDeploymentPostprocessing = 0;
		};
/* End PBXFrameworksBuildPhase section */

/* Begin PBXGroup section */
		6144CFBF33894172D37CDFAA /* Pods */ = {
			isa = PBXGroup;
			children = (
				7B021D16CACA69B8319CC12F /* Pods-ScienceStudentSuccessCentre.debug.xcconfig */,
				ADD592BB8738FD87DADE38D5 /* Pods-ScienceStudentSuccessCentre.release.xcconfig */,
			);
			name = Pods;
			sourceTree = "<group>";
		};
		A17011C921AC8ECD00A385FB /* Resources */ = {
			isa = PBXGroup;
			children = (
				A17011CA21AC8F4000A385FB /* ResourcesViewController.swift */,
			);
			path = Resources;
			sourceTree = "<group>";
		};
		FF300D1B21B241820048749A /* Model */ = {
			isa = PBXGroup;
			children = (
				FFC6CF1721657CAE00657C34 /* Assignment.swift */,
				FFFC6BC62162D6D6001585CE /* Course.swift */,
				FFA4B1D220229C8400BAC08F /* Event.swift */,
				FFE84077215F1CAC00A5E33B /* Term.swift */,
				FF4BCBCE21AB47790050A876 /* Weight.swift */,
			);
			path = Model;
			sourceTree = "<group>";
		};
		FF327FBC20128C3E00B06E19 = {
			isa = PBXGroup;
			children = (
				FF592B3821C76C71002319C0 /* AppIcon.png */,
				FFF093C22291BC6C00217DE3 /* TestGradeData.sssc */,
				FF327FC720128C3E00B06E19 /* ScienceStudentSuccessCentre */,
				FFF093B72291BA1200217DE3 /* ScienceStudentSuccessCentreFastlaneSnapshots */,
				FF327FC620128C3E00B06E19 /* Products */,
				FF3C22892024317A0098B868 /* Frameworks */,
				6144CFBF33894172D37CDFAA /* Pods */,
			);
			sourceTree = "<group>";
		};
		FF327FC620128C3E00B06E19 /* Products */ = {
			isa = PBXGroup;
			children = (
				FF327FC520128C3E00B06E19 /* ScienceStudentSuccessCentre.app */,
				FFF093B62291BA1200217DE3 /* ScienceStudentSuccessCentreFastlaneSnapshots.xctest */,
			);
			name = Products;
			sourceTree = "<group>";
		};
		FF327FC720128C3E00B06E19 /* ScienceStudentSuccessCentre */ = {
			isa = PBXGroup;
			children = (
				FF327FD620128C3E00B06E19 /* Info.plist */,
				FF327FC820128C3E00B06E19 /* AppDelegate.swift */,
				44B2CAED22777E0E007E53AB /* ColourRestorableCell.swift */,
				FF3D05DB215AC9AC0073D0E7 /* TabBarViewController.swift */,
				FFB76C952030B5A200EC3F97 /* Assets.xcassets */,
				FFE84070215F17D200A5E33B /* Events */,
				FFE84071215F190A00A5E33B /* Grades */,
				FF327FD320128C3E00B06E19 /* LaunchScreen.storyboard */,
				FF327FCE20128C3E00B06E19 /* Main.storyboard */,
				FF300D1B21B241820048749A /* Model */,
				A17011C921AC8ECD00A385FB /* Resources */,
				FFD0205621B1E1CB008D960B /* Settings */,
				FFE84073215F192E00A5E33B /* Utilities and Extensions */,
			);
			path = ScienceStudentSuccessCentre;
			sourceTree = "<group>";
		};
		FF3C22892024317A0098B868 /* Frameworks */ = {
			isa = PBXGroup;
			children = (
				FF3C228A2024317A0098B868 /* EventKit.framework */,
				A519D0B6B2D10C171824AAD9 /* Pods_ScienceStudentSuccessCentre.framework */,
			);
			name = Frameworks;
			sourceTree = "<group>";
		};
		FF5FDB2B21ABB12200899963 /* SplitRow */ = {
			isa = PBXGroup;
			children = (
				FF5FDB2C21ABB13200899963 /* SplitRow.swift */,
				FF5FDB2E21ABB16700899963 /* SplitRowCell.swift */,
				FF5FDB3021ABB17F00899963 /* SplitRowCellTableView.swift */,
				FF5FDB3221ABB19700899963 /* SplitRowValue.swift */,
			);
			path = SplitRow;
			sourceTree = "<group>";
		};
		FFC6CF1421657BCC00657C34 /* Course Details and Assignments */ = {
			isa = PBXGroup;
			children = (
				FF74BE80218CBE6100A8954B /* AssignmentTableViewCell.swift */,
				FF2CC47E21ACF5F3002EE205 /* CalculateRequiredFinalViewController.swift */,
				FFC6CF1521657C6D00657C34 /* CourseDetailViewController.swift */,
				FF651CE92190F27100C37022 /* CreateAssignmentViewController.swift */,
			);
			path = "Course Details and Assignments";
			sourceTree = "<group>";
		};
		FFD0205621B1E1CB008D960B /* Settings */ = {
			isa = PBXGroup;
			children = (
				FFD0205721B1E1E6008D960B /* SettingsViewController.swift */,
			);
			path = Settings;
			sourceTree = "<group>";
		};
		FFE84070215F17D200A5E33B /* Events */ = {
			isa = PBXGroup;
			children = (
				FF3C2287202427660098B868 /* EventDetailViewController.swift */,
				FFC18A2B202502A8001AB5BA /* EventLoader.swift */,
				44B2CAE12273DE20007E53AB /* EventsViewController.swift */,
				FF6835B52023C540001A35B2 /* EventTableViewCell.swift */,
			);
			path = Events;
			sourceTree = "<group>";
		};
		FFE84071215F190A00A5E33B /* Grades */ = {
			isa = PBXGroup;
			children = (
				44B2CAEB2276A4C2007E53AB /* CourseSummaryCell.swift */,
				44B2CAE5227675FF007E53AB /* CourseSearchViewController.swift */,
				FF4C4A9B215D7C550091BF2A /* GradesViewController.swift */,
				FFA5849D21AF961200B15E25 /* GradesViewControllerDelegate.swift */,
				44B2CAE92276A2BD007E53AB /* CourseSummaryCell.xib */,
				FFE84075215F196700A5E33B /* Calculator */,
				FFE84076215F198000A5E33B /* Planner */,
				FFE84072215F191B00A5E33B /* Terms */,
			);
			path = Grades;
			sourceTree = "<group>";
		};
		FFE84072215F191B00A5E33B /* Terms */ = {
			isa = PBXGroup;
			children = (
				FF30AFB72162A6E200C1F22C /* CreateTermViewController.swift */,
				FFA7CBAA215DD4CB00A050B1 /* TermsViewController.swift */,
				FFA7CBB0215DD59B00A050B1 /* TermTableViewCell.swift */,
				FFE84074215F195900A5E33B /* Term Details and Courses */,
			);
			path = Terms;
			sourceTree = "<group>";
		};
		FFE84073215F192E00A5E33B /* Utilities and Extensions */ = {
			isa = PBXGroup;
			children = (
				FF1D7D24215D6DDD00A88467 /* Database.swift */,
				FF80666D2193A31D00B202A6 /* Double.swift */,
				FF13F7D521646D56005733B0 /* EurekaFormProtocol.swift */,
				FF7A0904215967F600A98504 /* Formatter.swift */,
				FFD2DF522193860200C97FDF /* Grading.swift */,
				FF7FD88F21485E8100DAC88C /* HtmlString.swift */,
				FF57A96421658509004AA50B /* UIColor.swift */,
				FFAE67912188ED2D0079CE16 /* UIView.swift */,
				44BB378E21FA64C900F7250F /* UIViewController.swift */,
				442EC65B21EE8C36002B961E /* UNUserNotificationCenter.swift */,
				FFF093AE2291B1E300217DE3 /* URLSession.swift */,
				FF5FDB2B21ABB12200899963 /* SplitRow */,
			);
			path = "Utilities and Extensions";
			sourceTree = "<group>";
		};
		FFE84074215F195900A5E33B /* Term Details and Courses */ = {
			isa = PBXGroup;
			children = (
				FFFC6BC82162D70D001585CE /* CourseTableViewCell.swift */,
				FF13F7D321646AC1005733B0 /* CreateCourseViewController.swift */,
				FFAC093B215EBBD5007C4264 /* TermDetailViewController.swift */,
				FFC6CF1421657BCC00657C34 /* Course Details and Assignments */,
			);
			path = "Term Details and Courses";
			sourceTree = "<group>";
		};
		FFE84075215F196700A5E33B /* Calculator */ = {
			isa = PBXGroup;
			children = (
				FFA7CBAC215DD53300A050B1 /* CalculatorViewController.swift */,
			);
			path = Calculator;
			sourceTree = "<group>";
		};
		FFE84076215F198000A5E33B /* Planner */ = {
			isa = PBXGroup;
			children = (
				FFA7CBAE215DD54C00A050B1 /* PlannerViewController.swift */,
			);
			path = Planner;
			sourceTree = "<group>";
		};
		FFF093B72291BA1200217DE3 /* ScienceStudentSuccessCentreFastlaneSnapshots */ = {
			isa = PBXGroup;
			children = (
				FFF093C02291BC5200217DE3 /* SnapshotHelper.swift */,
				FFF093B82291BA1200217DE3 /* ScienceStudentSuccessCentreFastlaneSnapshots.swift */,
				FFF093BA2291BA1200217DE3 /* Info.plist */,
			);
			path = ScienceStudentSuccessCentreFastlaneSnapshots;
			sourceTree = "<group>";
		};
/* End PBXGroup section */

/* Begin PBXNativeTarget section */
		FF327FC420128C3E00B06E19 /* ScienceStudentSuccessCentre */ = {
			isa = PBXNativeTarget;
			buildConfigurationList = FF327FEF20128C3E00B06E19 /* Build configuration list for PBXNativeTarget "ScienceStudentSuccessCentre" */;
			buildPhases = (
				C2599C67928CD7D2431EB2D5 /* [CP] Check Pods Manifest.lock */,
				FF327FC120128C3E00B06E19 /* Sources */,
				FF327FC220128C3E00B06E19 /* Frameworks */,
				FF327FC320128C3E00B06E19 /* Resources */,
				FE070426935AA6B39FCF6068 /* [CP] Embed Pods Frameworks */,
			);
			buildRules = (
			);
			dependencies = (
			);
			name = ScienceStudentSuccessCentre;
			productName = SSSCTemp;
			productReference = FF327FC520128C3E00B06E19 /* ScienceStudentSuccessCentre.app */;
			productType = "com.apple.product-type.application";
		};
		FFF093B52291BA1200217DE3 /* ScienceStudentSuccessCentreFastlaneSnapshots */ = {
			isa = PBXNativeTarget;
			buildConfigurationList = FFF093BD2291BA1200217DE3 /* Build configuration list for PBXNativeTarget "ScienceStudentSuccessCentreFastlaneSnapshots" */;
			buildPhases = (
				FFF093B22291BA1200217DE3 /* Sources */,
				FFF093B32291BA1200217DE3 /* Frameworks */,
				FFF093B42291BA1200217DE3 /* Resources */,
			);
			buildRules = (
			);
			dependencies = (
				FFF093BC2291BA1200217DE3 /* PBXTargetDependency */,
			);
			name = ScienceStudentSuccessCentreFastlaneSnapshots;
			productName = ScienceStudentSuccessCentreFastlaneSnapshots;
			productReference = FFF093B62291BA1200217DE3 /* ScienceStudentSuccessCentreFastlaneSnapshots.xctest */;
			productType = "com.apple.product-type.bundle.ui-testing";
		};
/* End PBXNativeTarget section */

/* Begin PBXProject section */
		FF327FBD20128C3E00B06E19 /* Project object */ = {
			isa = PBXProject;
			attributes = {
				LastSwiftUpdateCheck = 1020;
				LastUpgradeCheck = 0930;
				ORGANIZATIONNAME = "Avery Vine";
				TargetAttributes = {
					FF327FC420128C3E00B06E19 = {
						CreatedOnToolsVersion = 9.2;
						LastSwiftMigration = 1020;
						ProvisioningStyle = Automatic;
					};
					FFF093B52291BA1200217DE3 = {
						CreatedOnToolsVersion = 10.2.1;
						ProvisioningStyle = Automatic;
						TestTargetID = FF327FC420128C3E00B06E19;
					};
				};
			};
			buildConfigurationList = FF327FC020128C3E00B06E19 /* Build configuration list for PBXProject "ScienceStudentSuccessCentre" */;
			compatibilityVersion = "Xcode 8.0";
			developmentRegion = en;
			hasScannedForEncodings = 0;
			knownRegions = (
				en,
				Base,
			);
			mainGroup = FF327FBC20128C3E00B06E19;
			productRefGroup = FF327FC620128C3E00B06E19 /* Products */;
			projectDirPath = "";
			projectRoot = "";
			targets = (
				FF327FC420128C3E00B06E19 /* ScienceStudentSuccessCentre */,
				FFF093B52291BA1200217DE3 /* ScienceStudentSuccessCentreFastlaneSnapshots */,
			);
		};
/* End PBXProject section */

/* Begin PBXResourcesBuildPhase section */
		FF327FC320128C3E00B06E19 /* Resources */ = {
			isa = PBXResourcesBuildPhase;
			buildActionMask = 2147483647;
			files = (
				FF592B3921C76C71002319C0 /* AppIcon.png in Resources */,
				FFB76C962030B5A200EC3F97 /* Assets.xcassets in Resources */,
				FF327FD520128C3E00B06E19 /* LaunchScreen.storyboard in Resources */,
				FF4A9D12229A19DA00DE8EED /* TestGradeData.sssc in Resources */,
				FF327FD020128C3E00B06E19 /* Main.storyboard in Resources */,
				44B2CAEA2276A2BD007E53AB /* CourseSummaryCell.xib in Resources */,
			);
			runOnlyForDeploymentPostprocessing = 0;
		};
		FFF093B42291BA1200217DE3 /* Resources */ = {
			isa = PBXResourcesBuildPhase;
			buildActionMask = 2147483647;
			files = (
			);
			runOnlyForDeploymentPostprocessing = 0;
		};
/* End PBXResourcesBuildPhase section */

/* Begin PBXShellScriptBuildPhase section */
		C2599C67928CD7D2431EB2D5 /* [CP] Check Pods Manifest.lock */ = {
			isa = PBXShellScriptBuildPhase;
			buildActionMask = 2147483647;
			files = (
			);
			inputFileListPaths = (
			);
			inputPaths = (
				"${PODS_PODFILE_DIR_PATH}/Podfile.lock",
				"${PODS_ROOT}/Manifest.lock",
			);
			name = "[CP] Check Pods Manifest.lock";
			outputFileListPaths = (
			);
			outputPaths = (
				"$(DERIVED_FILE_DIR)/Pods-ScienceStudentSuccessCentre-checkManifestLockResult.txt",
			);
			runOnlyForDeploymentPostprocessing = 0;
			shellPath = /bin/sh;
			shellScript = "diff \"${PODS_PODFILE_DIR_PATH}/Podfile.lock\" \"${PODS_ROOT}/Manifest.lock\" > /dev/null\nif [ $? != 0 ] ; then\n    # print error to STDERR\n    echo \"error: The sandbox is not in sync with the Podfile.lock. Run 'pod install' or update your CocoaPods installation.\" >&2\n    exit 1\nfi\n# This output is used by Xcode 'outputs' to avoid re-running this script phase.\necho \"SUCCESS\" > \"${SCRIPT_OUTPUT_FILE_0}\"\n";
			showEnvVarsInLog = 0;
		};
		FE070426935AA6B39FCF6068 /* [CP] Embed Pods Frameworks */ = {
			isa = PBXShellScriptBuildPhase;
			buildActionMask = 2147483647;
			files = (
			);
			inputPaths = (
				"${PODS_ROOT}/Target Support Files/Pods-ScienceStudentSuccessCentre/Pods-ScienceStudentSuccessCentre-frameworks.sh",
				"${BUILT_PRODUCTS_DIR}/ColorPickerRow/ColorPickerRow.framework",
				"${BUILT_PRODUCTS_DIR}/Eureka/Eureka.framework",
				"${BUILT_PRODUCTS_DIR}/PromiseKit/PromiseKit.framework",
				"${BUILT_PRODUCTS_DIR}/SQLite.swift/SQLite.framework",
				"${BUILT_PRODUCTS_DIR}/SimulatorStatusMagic/SimulatorStatusMagic.framework",
				"${BUILT_PRODUCTS_DIR}/UIColor_Hex_Swift/UIColor_Hex_Swift.framework",
			);
			name = "[CP] Embed Pods Frameworks";
			outputPaths = (
				"${TARGET_BUILD_DIR}/${FRAMEWORKS_FOLDER_PATH}/ColorPickerRow.framework",
				"${TARGET_BUILD_DIR}/${FRAMEWORKS_FOLDER_PATH}/Eureka.framework",
				"${TARGET_BUILD_DIR}/${FRAMEWORKS_FOLDER_PATH}/PromiseKit.framework",
				"${TARGET_BUILD_DIR}/${FRAMEWORKS_FOLDER_PATH}/SQLite.framework",
				"${TARGET_BUILD_DIR}/${FRAMEWORKS_FOLDER_PATH}/SimulatorStatusMagic.framework",
				"${TARGET_BUILD_DIR}/${FRAMEWORKS_FOLDER_PATH}/UIColor_Hex_Swift.framework",
			);
			runOnlyForDeploymentPostprocessing = 0;
			shellPath = /bin/sh;
			shellScript = "\"${PODS_ROOT}/Target Support Files/Pods-ScienceStudentSuccessCentre/Pods-ScienceStudentSuccessCentre-frameworks.sh\"\n";
			showEnvVarsInLog = 0;
		};
/* End PBXShellScriptBuildPhase section */

/* Begin PBXSourcesBuildPhase section */
		FF327FC120128C3E00B06E19 /* Sources */ = {
			isa = PBXSourcesBuildPhase;
			buildActionMask = 2147483647;
			files = (
				A17011CB21AC8F4000A385FB /* ResourcesViewController.swift in Sources */,
				FFA5849E21AF961200B15E25 /* GradesViewControllerDelegate.swift in Sources */,
				FFC18A2C202502A8001AB5BA /* EventLoader.swift in Sources */,
				FF1D7D25215D6DDD00A88467 /* Database.swift in Sources */,
				FF80666E2193A31D00B202A6 /* Double.swift in Sources */,
				FF2CC47F21ACF5F3002EE205 /* CalculateRequiredFinalViewController.swift in Sources */,
				FF651CEA2190F27100C37022 /* CreateAssignmentViewController.swift in Sources */,
				FF13F7D621646D56005733B0 /* EurekaFormProtocol.swift in Sources */,
				44B2CAEE22777E0E007E53AB /* ColourRestorableCell.swift in Sources */,
				FFC6CF1621657C6D00657C34 /* CourseDetailViewController.swift in Sources */,
				FFA7CBAB215DD4CB00A050B1 /* TermsViewController.swift in Sources */,
				FFAC093C215EBBD5007C4264 /* TermDetailViewController.swift in Sources */,
				44B2CAE22273DE20007E53AB /* EventsViewController.swift in Sources */,
				44B2CAEC2276A4C2007E53AB /* CourseSummaryCell.swift in Sources */,
				FF3C2288202427660098B868 /* EventDetailViewController.swift in Sources */,
				FF7A0905215967F600A98504 /* Formatter.swift in Sources */,
				44B2CAE6227675FF007E53AB /* CourseSearchViewController.swift in Sources */,
				FF5FDB2D21ABB13200899963 /* SplitRow.swift in Sources */,
				FF6835B62023C540001A35B2 /* EventTableViewCell.swift in Sources */,
				FF4C4A9C215D7C550091BF2A /* GradesViewController.swift in Sources */,
				FF7FD89021485E8100DAC88C /* HtmlString.swift in Sources */,
				FF30AFB82162A6E200C1F22C /* CreateTermViewController.swift in Sources */,
				FF327FC920128C3E00B06E19 /* AppDelegate.swift in Sources */,
				FF13F7D421646AC1005733B0 /* CreateCourseViewController.swift in Sources */,
				FFFC6BC72162D6D6001585CE /* Course.swift in Sources */,
				FFD0205821B1E1E6008D960B /* SettingsViewController.swift in Sources */,
				FFE84078215F1CAC00A5E33B /* Term.swift in Sources */,
				44BB378F21FA64C900F7250F /* UIViewController.swift in Sources */,
				FF5FDB3121ABB17F00899963 /* SplitRowCellTableView.swift in Sources */,
				442EC65C21EE8C36002B961E /* UNUserNotificationCenter.swift in Sources */,
				FF5FDB2F21ABB16700899963 /* SplitRowCell.swift in Sources */,
				FF74BE81218CBE6100A8954B /* AssignmentTableViewCell.swift in Sources */,
				FFF093AF2291B1E300217DE3 /* URLSession.swift in Sources */,
				FFD2DF532193860200C97FDF /* Grading.swift in Sources */,
				FF4BCBCF21AB47790050A876 /* Weight.swift in Sources */,
				FF5FDB3321ABB19700899963 /* SplitRowValue.swift in Sources */,
				FF3D05DC215AC9AC0073D0E7 /* TabBarViewController.swift in Sources */,
				FFA7CBAF215DD54C00A050B1 /* PlannerViewController.swift in Sources */,
				FFA7CBB1215DD59B00A050B1 /* TermTableViewCell.swift in Sources */,
				FF57A96521658509004AA50B /* UIColor.swift in Sources */,
				FFA7CBAD215DD53300A050B1 /* CalculatorViewController.swift in Sources */,
				FFAE67922188ED2D0079CE16 /* UIView.swift in Sources */,
				FFA4B1D320229C8400BAC08F /* Event.swift in Sources */,
				FFC6CF1821657CAE00657C34 /* Assignment.swift in Sources */,
				FFFC6BC92162D70D001585CE /* CourseTableViewCell.swift in Sources */,
			);
			runOnlyForDeploymentPostprocessing = 0;
		};
		FFF093B22291BA1200217DE3 /* Sources */ = {
			isa = PBXSourcesBuildPhase;
			buildActionMask = 2147483647;
			files = (
				FFF093B92291BA1200217DE3 /* ScienceStudentSuccessCentreFastlaneSnapshots.swift in Sources */,
				FFF093C12291BC5200217DE3 /* SnapshotHelper.swift in Sources */,
			);
			runOnlyForDeploymentPostprocessing = 0;
		};
/* End PBXSourcesBuildPhase section */

/* Begin PBXTargetDependency section */
		FFF093BC2291BA1200217DE3 /* PBXTargetDependency */ = {
			isa = PBXTargetDependency;
			target = FF327FC420128C3E00B06E19 /* ScienceStudentSuccessCentre */;
			targetProxy = FFF093BB2291BA1200217DE3 /* PBXContainerItemProxy */;
		};
/* End PBXTargetDependency section */

/* Begin PBXVariantGroup section */
		FF327FCE20128C3E00B06E19 /* Main.storyboard */ = {
			isa = PBXVariantGroup;
			children = (
				FF327FCF20128C3E00B06E19 /* Base */,
			);
			name = Main.storyboard;
			sourceTree = "<group>";
		};
		FF327FD320128C3E00B06E19 /* LaunchScreen.storyboard */ = {
			isa = PBXVariantGroup;
			children = (
				FF327FD420128C3E00B06E19 /* Base */,
			);
			name = LaunchScreen.storyboard;
			sourceTree = "<group>";
		};
/* End PBXVariantGroup section */

/* Begin XCBuildConfiguration section */
		FF327FED20128C3E00B06E19 /* Debug */ = {
			isa = XCBuildConfiguration;
			buildSettings = {
				ALWAYS_SEARCH_USER_PATHS = NO;
				CLANG_ANALYZER_NONNULL = YES;
				CLANG_ANALYZER_NUMBER_OBJECT_CONVERSION = YES_AGGRESSIVE;
				CLANG_CXX_LANGUAGE_STANDARD = "gnu++14";
				CLANG_CXX_LIBRARY = "libc++";
				CLANG_ENABLE_MODULES = YES;
				CLANG_ENABLE_OBJC_ARC = YES;
				CLANG_WARN_BLOCK_CAPTURE_AUTORELEASING = YES;
				CLANG_WARN_BOOL_CONVERSION = YES;
				CLANG_WARN_COMMA = YES;
				CLANG_WARN_CONSTANT_CONVERSION = YES;
				CLANG_WARN_DEPRECATED_OBJC_IMPLEMENTATIONS = YES;
				CLANG_WARN_DIRECT_OBJC_ISA_USAGE = YES_ERROR;
				CLANG_WARN_DOCUMENTATION_COMMENTS = YES;
				CLANG_WARN_EMPTY_BODY = YES;
				CLANG_WARN_ENUM_CONVERSION = YES;
				CLANG_WARN_INFINITE_RECURSION = YES;
				CLANG_WARN_INT_CONVERSION = YES;
				CLANG_WARN_NON_LITERAL_NULL_CONVERSION = YES;
				CLANG_WARN_OBJC_IMPLICIT_RETAIN_SELF = YES;
				CLANG_WARN_OBJC_LITERAL_CONVERSION = YES;
				CLANG_WARN_OBJC_ROOT_CLASS = YES_ERROR;
				CLANG_WARN_RANGE_LOOP_ANALYSIS = YES;
				CLANG_WARN_STRICT_PROTOTYPES = YES;
				CLANG_WARN_SUSPICIOUS_MOVE = YES;
				CLANG_WARN_UNGUARDED_AVAILABILITY = YES_AGGRESSIVE;
				CLANG_WARN_UNREACHABLE_CODE = YES;
				CLANG_WARN__DUPLICATE_METHOD_MATCH = YES;
				CODE_SIGN_IDENTITY = "iPhone Developer";
				COPY_PHASE_STRIP = NO;
				DEBUG_INFORMATION_FORMAT = dwarf;
				ENABLE_STRICT_OBJC_MSGSEND = YES;
				ENABLE_TESTABILITY = YES;
				GCC_C_LANGUAGE_STANDARD = gnu11;
				GCC_DYNAMIC_NO_PIC = NO;
				GCC_NO_COMMON_BLOCKS = YES;
				GCC_OPTIMIZATION_LEVEL = 0;
				GCC_PREPROCESSOR_DEFINITIONS = (
					"DEBUG=1",
					"$(inherited)",
				);
				GCC_WARN_64_TO_32_BIT_CONVERSION = YES;
				GCC_WARN_ABOUT_RETURN_TYPE = YES_ERROR;
				GCC_WARN_UNDECLARED_SELECTOR = YES;
				GCC_WARN_UNINITIALIZED_AUTOS = YES_AGGRESSIVE;
				GCC_WARN_UNUSED_FUNCTION = YES;
				GCC_WARN_UNUSED_VARIABLE = YES;
				IPHONEOS_DEPLOYMENT_TARGET = 11.0;
				MTL_ENABLE_DEBUG_INFO = YES;
				ONLY_ACTIVE_ARCH = YES;
				SDKROOT = iphoneos;
				SWIFT_ACTIVE_COMPILATION_CONDITIONS = DEBUG;
				SWIFT_OPTIMIZATION_LEVEL = "-Onone";
			};
			name = Debug;
		};
		FF327FEE20128C3E00B06E19 /* Release */ = {
			isa = XCBuildConfiguration;
			buildSettings = {
				ALWAYS_SEARCH_USER_PATHS = NO;
				CLANG_ANALYZER_NONNULL = YES;
				CLANG_ANALYZER_NUMBER_OBJECT_CONVERSION = YES_AGGRESSIVE;
				CLANG_CXX_LANGUAGE_STANDARD = "gnu++14";
				CLANG_CXX_LIBRARY = "libc++";
				CLANG_ENABLE_MODULES = YES;
				CLANG_ENABLE_OBJC_ARC = YES;
				CLANG_WARN_BLOCK_CAPTURE_AUTORELEASING = YES;
				CLANG_WARN_BOOL_CONVERSION = YES;
				CLANG_WARN_COMMA = YES;
				CLANG_WARN_CONSTANT_CONVERSION = YES;
				CLANG_WARN_DEPRECATED_OBJC_IMPLEMENTATIONS = YES;
				CLANG_WARN_DIRECT_OBJC_ISA_USAGE = YES_ERROR;
				CLANG_WARN_DOCUMENTATION_COMMENTS = YES;
				CLANG_WARN_EMPTY_BODY = YES;
				CLANG_WARN_ENUM_CONVERSION = YES;
				CLANG_WARN_INFINITE_RECURSION = YES;
				CLANG_WARN_INT_CONVERSION = YES;
				CLANG_WARN_NON_LITERAL_NULL_CONVERSION = YES;
				CLANG_WARN_OBJC_IMPLICIT_RETAIN_SELF = YES;
				CLANG_WARN_OBJC_LITERAL_CONVERSION = YES;
				CLANG_WARN_OBJC_ROOT_CLASS = YES_ERROR;
				CLANG_WARN_RANGE_LOOP_ANALYSIS = YES;
				CLANG_WARN_STRICT_PROTOTYPES = YES;
				CLANG_WARN_SUSPICIOUS_MOVE = YES;
				CLANG_WARN_UNGUARDED_AVAILABILITY = YES_AGGRESSIVE;
				CLANG_WARN_UNREACHABLE_CODE = YES;
				CLANG_WARN__DUPLICATE_METHOD_MATCH = YES;
				CODE_SIGN_IDENTITY = "iPhone Developer";
				COPY_PHASE_STRIP = NO;
				DEBUG_INFORMATION_FORMAT = "dwarf-with-dsym";
				ENABLE_NS_ASSERTIONS = NO;
				ENABLE_STRICT_OBJC_MSGSEND = YES;
				GCC_C_LANGUAGE_STANDARD = gnu11;
				GCC_NO_COMMON_BLOCKS = YES;
				GCC_WARN_64_TO_32_BIT_CONVERSION = YES;
				GCC_WARN_ABOUT_RETURN_TYPE = YES_ERROR;
				GCC_WARN_UNDECLARED_SELECTOR = YES;
				GCC_WARN_UNINITIALIZED_AUTOS = YES_AGGRESSIVE;
				GCC_WARN_UNUSED_FUNCTION = YES;
				GCC_WARN_UNUSED_VARIABLE = YES;
				IPHONEOS_DEPLOYMENT_TARGET = 11.0;
				MTL_ENABLE_DEBUG_INFO = NO;
				SDKROOT = iphoneos;
				SWIFT_OPTIMIZATION_LEVEL = "-Owholemodule";
				VALIDATE_PRODUCT = YES;
			};
			name = Release;
		};
		FF327FF020128C3E00B06E19 /* Debug */ = {
			isa = XCBuildConfiguration;
			baseConfigurationReference = 7B021D16CACA69B8319CC12F /* Pods-ScienceStudentSuccessCentre.debug.xcconfig */;
			buildSettings = {
				ASSETCATALOG_COMPILER_APPICON_NAME = AppIcon;
				CODE_SIGN_IDENTITY = "iPhone Developer";
				CODE_SIGN_STYLE = Automatic;
				DEVELOPMENT_TEAM = DKPYUUQV7N;
				INFOPLIST_FILE = "$(SRCROOT)/ScienceStudentSuccessCentre/Info.plist";
				IPHONEOS_DEPLOYMENT_TARGET = 10.0;
				LD_RUNPATH_SEARCH_PATHS = "$(inherited) @executable_path/Frameworks";
				OTHER_SWIFT_FLAGS = "-D DEBUG";
				PRODUCT_BUNDLE_IDENTIFIER = com.carleton.sciencestudentsuccesscentre;
				PRODUCT_NAME = "$(TARGET_NAME)";
				PROVISIONING_PROFILE_SPECIFIER = "";
				SWIFT_VERSION = 5.0;
				TARGETED_DEVICE_FAMILY = "1,2";
			};
			name = Debug;
		};
		FF327FF120128C3E00B06E19 /* Release */ = {
			isa = XCBuildConfiguration;
			baseConfigurationReference = ADD592BB8738FD87DADE38D5 /* Pods-ScienceStudentSuccessCentre.release.xcconfig */;
			buildSettings = {
				ASSETCATALOG_COMPILER_APPICON_NAME = AppIcon;
				CODE_SIGN_IDENTITY = "iPhone Developer";
				CODE_SIGN_STYLE = Automatic;
				DEVELOPMENT_TEAM = DKPYUUQV7N;
				INFOPLIST_FILE = "$(SRCROOT)/ScienceStudentSuccessCentre/Info.plist";
				IPHONEOS_DEPLOYMENT_TARGET = 10.0;
				LD_RUNPATH_SEARCH_PATHS = "$(inherited) @executable_path/Frameworks";
				OTHER_SWIFT_FLAGS = "-D RELEASE";
				PRODUCT_BUNDLE_IDENTIFIER = com.carleton.sciencestudentsuccesscentre;
				PRODUCT_NAME = "$(TARGET_NAME)";
				PROVISIONING_PROFILE_SPECIFIER = "";
				SWIFT_VERSION = 5.0;
				TARGETED_DEVICE_FAMILY = "1,2";
			};
			name = Release;
		};
		FFF093BE2291BA1200217DE3 /* Debug */ = {
			isa = XCBuildConfiguration;
			buildSettings = {
				CLANG_ENABLE_OBJC_WEAK = YES;
				CODE_SIGN_STYLE = Automatic;
				DEVELOPMENT_TEAM = 2Z33772VE8;
				INFOPLIST_FILE = ScienceStudentSuccessCentreFastlaneSnapshots/Info.plist;
				IPHONEOS_DEPLOYMENT_TARGET = 12.2;
				LD_RUNPATH_SEARCH_PATHS = "$(inherited) @executable_path/Frameworks @loader_path/Frameworks";
				MTL_ENABLE_DEBUG_INFO = INCLUDE_SOURCE;
				MTL_FAST_MATH = YES;
				PRODUCT_BUNDLE_IDENTIFIER = com.averyvine.ScienceStudentSuccessCentreFastlaneSnapshots;
				PRODUCT_NAME = "$(TARGET_NAME)";
				SWIFT_VERSION = 5.0;
				TARGETED_DEVICE_FAMILY = "1,2";
				TEST_TARGET_NAME = ScienceStudentSuccessCentre;
			};
			name = Debug;
		};
		FFF093BF2291BA1200217DE3 /* Release */ = {
			isa = XCBuildConfiguration;
			buildSettings = {
				CLANG_ENABLE_OBJC_WEAK = YES;
				CODE_SIGN_STYLE = Automatic;
				DEVELOPMENT_TEAM = 2Z33772VE8;
				INFOPLIST_FILE = ScienceStudentSuccessCentreFastlaneSnapshots/Info.plist;
				IPHONEOS_DEPLOYMENT_TARGET = 12.2;
				LD_RUNPATH_SEARCH_PATHS = "$(inherited) @executable_path/Frameworks @loader_path/Frameworks";
				MTL_FAST_MATH = YES;
				PRODUCT_BUNDLE_IDENTIFIER = com.averyvine.ScienceStudentSuccessCentreFastlaneSnapshots;
				PRODUCT_NAME = "$(TARGET_NAME)";
				SWIFT_VERSION = 5.0;
				TARGETED_DEVICE_FAMILY = "1,2";
				TEST_TARGET_NAME = ScienceStudentSuccessCentre;
			};
			name = Release;
		};
/* End XCBuildConfiguration section */

/* Begin XCConfigurationList section */
		FF327FC020128C3E00B06E19 /* Build configuration list for PBXProject "ScienceStudentSuccessCentre" */ = {
			isa = XCConfigurationList;
			buildConfigurations = (
				FF327FED20128C3E00B06E19 /* Debug */,
				FF327FEE20128C3E00B06E19 /* Release */,
			);
			defaultConfigurationIsVisible = 0;
			defaultConfigurationName = Release;
		};
		FF327FEF20128C3E00B06E19 /* Build configuration list for PBXNativeTarget "ScienceStudentSuccessCentre" */ = {
			isa = XCConfigurationList;
			buildConfigurations = (
				FF327FF020128C3E00B06E19 /* Debug */,
				FF327FF120128C3E00B06E19 /* Release */,
			);
			defaultConfigurationIsVisible = 0;
			defaultConfigurationName = Release;
		};
		FFF093BD2291BA1200217DE3 /* Build configuration list for PBXNativeTarget "ScienceStudentSuccessCentreFastlaneSnapshots" */ = {
			isa = XCConfigurationList;
			buildConfigurations = (
				FFF093BE2291BA1200217DE3 /* Debug */,
				FFF093BF2291BA1200217DE3 /* Release */,
			);
			defaultConfigurationIsVisible = 0;
			defaultConfigurationName = Release;
		};
/* End XCConfigurationList section */
	};
	rootObject = FF327FBD20128C3E00B06E19 /* Project object */;
}
